
Microsoft Visual Studio Solution File, Format Version 12.00
# Visual Studio Version 17
VisualStudioVersion = 17.0.31903.59
MinimumVisualStudioVersion = 10.0.40219.1
Project("{2150E333-8FDC-42A3-9474-1A3956D46DE8}") = "Day 4", "Day 4", "{090E9904-7276-46E2-81F9-B1835A8491EE}"
EndProject
Project("{FAE04EC0-301F-11D3-BF4B-00C04F79EFBC}") = "Account", "Day 4\Account\Account.csproj", "{0521704D-876E-4FF3-AD7B-46A8B05B730C}"
EndProject
Project("{FAE04EC0-301F-11D3-BF4B-00C04F79EFBC}") = "Employee", "Day 4\Employee\Employee.csproj", "{C6353F8D-BB12-4E0A-940D-5866F42577EB}"
EndProject
Project("{FAE04EC0-301F-11D3-BF4B-00C04F79EFBC}") = "StringTask", "Day 4\StringTask\StringTask.csproj", "{4C4418FA-F274-4F85-AC42-69F43BCF8058}"
EndProject
Project("{FAE04EC0-301F-11D3-BF4B-00C04F79EFBC}") = "SumAndCountTask", "Day 4\SumAndCountTask\SumAndCountTask.csproj", "{61732127-CFB9-4792-BA5C-47D81E7AA7D7}"
EndProject
Project("{2150E333-8FDC-42A3-9474-1A3956D46DE8}") = "Day 5", "Day 5", "{F5A44F9B-7D64-4932-AD4F-A21E4396F39B}"
EndProject
Project("{FAE04EC0-301F-11D3-BF4B-00C04F79EFBC}") = "Account_v4", "Day 5\Account_v4\Account_v4.csproj", "{694BCC6A-D4D4-4F58-838C-6D913149624A}"
EndProject
Project("{2150E333-8FDC-42A3-9474-1A3956D46DE8}") = "Side Quests", "Side Quests", "{5AED813E-F969-4AEA-906C-0AC31389BCE2}"
EndProject
Project("{FAE04EC0-301F-11D3-BF4B-00C04F79EFBC}") = "MyCalculator", "Side Quests\MyCalculator\MyCalculator.csproj", "{968B9F12-A414-40CA-9E85-14FBD0CAA469}"
EndProject
Project("{FAE04EC0-301F-11D3-BF4B-00C04F79EFBC}") = "MyCalcApp", "Side Quests\MyCalcApp\MyCalcApp.csproj", "{70D1DDDC-B2C2-4F58-A27D-A3DD22DB3D3A}"
EndProject
Project("{FAE04EC0-301F-11D3-BF4B-00C04F79EFBC}") = "Account_v5", "Day 5\Account_v5\Account_v5.csproj", "{BBBAD193-BFE6-4F37-8654-EF2A1C2BAD8D}"
EndProject
Project("{FAE04EC0-301F-11D3-BF4B-00C04F79EFBC}") = "Account_Abstract_v6", "Day 5\Account_Abstract_v6\Account_Abstract_v6.csproj", "{8E86051C-F3C9-4513-8FC4-AC9967AEBA41}"
EndProject
Project("{2150E333-8FDC-42A3-9474-1A3956D46DE8}") = "Day 6", "Day 6", "{515C852C-25D5-46B6-90A5-78BE166E394F}"
EndProject
Project("{FAE04EC0-301F-11D3-BF4B-00C04F79EFBC}") = "Account_v6_compare", "Day 6\Account_v6_compare\Account_v6_compare.csproj", "{1BCEA4B6-6155-47DF-A981-5D222126E907}"
EndProject
Project("{FAE04EC0-301F-11D3-BF4B-00C04F79EFBC}") = "StortedList", "Side Quests\StortedList\StortedList.csproj", "{AEF4CA03-C76B-4986-8849-9985B7824F9F}"
EndProject
Project("{2150E333-8FDC-42A3-9474-1A3956D46DE8}") = "Day 7", "Day 7", "{E142A276-DBF1-4BB4-83D5-E3C9E13D81A5}"
EndProject
Project("{FAE04EC0-301F-11D3-BF4B-00C04F79EFBC}") = "Employee_v1", "Day 7\Employee_v1\Employee_v1.csproj", "{1424B73D-1D2D-4B49-9787-6ED5A5DB9B85}"
EndProject
Project("{FAE04EC0-301F-11D3-BF4B-00C04F79EFBC}") = "Account_v7_Event", "Day 7\Account_v7_Event\Account_v7_Event.csproj", "{6CAF34FB-4BA1-437F-91EA-AA60E61A6E60}"
EndProject
Project("{FAE04EC0-301F-11D3-BF4B-00C04F79EFBC}") = "LINQ Demo", "Side Quests\LINQ Demo\LINQ Demo.csproj", "{BB03C0D9-72F0-4D48-8386-B8E9899D1E2D}"
EndProject
Project("{FAE04EC0-301F-11D3-BF4B-00C04F79EFBC}") = "Product LINQ Task", "Side Quests\Product LINQ Task\Product LINQ Task.csproj", "{074BA038-E00B-4982-BBDC-FBFC9306BCE3}"
EndProject
Project("{2150E333-8FDC-42A3-9474-1A3956D46DE8}") = "Day 9", "Day 9", "{11923C25-432B-4B15-8A30-0037D4A79B31}"
EndProject
Project("{FAE04EC0-301F-11D3-BF4B-00C04F79EFBC}") = "Employee Task", "Day 9\Employee Task\Employee Task.csproj", "{BC76E689-593E-4AD6-B87B-F091CD63F6DE}"
EndProject
Project("{FAE04EC0-301F-11D3-BF4B-00C04F79EFBC}") = "Employee_V0", "Day 9\Employee_V0\Employee_V0.csproj", "{5C09C9F5-A1EC-4F77-A815-2071569AB6F4}"
EndProject
Project("{FAE04EC0-301F-11D3-BF4B-00C04F79EFBC}") = "ConsoleAppADO", "ConsoleAppADO\ConsoleAppADO.csproj", "{2047743E-B72F-4848-94D3-6A2185B7856E}"
EndProject
Project("{FAE04EC0-301F-11D3-BF4B-00C04F79EFBC}") = "EmployeeTaskADO", "EmployeeTaskADO\EmployeeTaskADO.csproj", "{174856B1-4742-4EE0-9699-5952AC500705}"
EndProject
Global
	GlobalSection(SolutionConfigurationPlatforms) = preSolution
		Debug|Any CPU = Debug|Any CPU
		Release|Any CPU = Release|Any CPU
	EndGlobalSection
	GlobalSection(SolutionProperties) = preSolution
		HideSolutionNode = FALSE
	EndGlobalSection
	GlobalSection(ProjectConfigurationPlatforms) = postSolution
		{0521704D-876E-4FF3-AD7B-46A8B05B730C}.Debug|Any CPU.ActiveCfg = Debug|Any CPU
		{0521704D-876E-4FF3-AD7B-46A8B05B730C}.Debug|Any CPU.Build.0 = Debug|Any CPU
		{0521704D-876E-4FF3-AD7B-46A8B05B730C}.Release|Any CPU.ActiveCfg = Release|Any CPU
		{0521704D-876E-4FF3-AD7B-46A8B05B730C}.Release|Any CPU.Build.0 = Release|Any CPU
		{C6353F8D-BB12-4E0A-940D-5866F42577EB}.Debug|Any CPU.ActiveCfg = Debug|Any CPU
		{C6353F8D-BB12-4E0A-940D-5866F42577EB}.Debug|Any CPU.Build.0 = Debug|Any CPU
		{C6353F8D-BB12-4E0A-940D-5866F42577EB}.Release|Any CPU.ActiveCfg = Release|Any CPU
		{C6353F8D-BB12-4E0A-940D-5866F42577EB}.Release|Any CPU.Build.0 = Release|Any CPU
		{4C4418FA-F274-4F85-AC42-69F43BCF8058}.Debug|Any CPU.ActiveCfg = Debug|Any CPU
		{4C4418FA-F274-4F85-AC42-69F43BCF8058}.Debug|Any CPU.Build.0 = Debug|Any CPU
		{4C4418FA-F274-4F85-AC42-69F43BCF8058}.Release|Any CPU.ActiveCfg = Release|Any CPU
		{4C4418FA-F274-4F85-AC42-69F43BCF8058}.Release|Any CPU.Build.0 = Release|Any CPU
		{61732127-CFB9-4792-BA5C-47D81E7AA7D7}.Debug|Any CPU.ActiveCfg = Debug|Any CPU
		{61732127-CFB9-4792-BA5C-47D81E7AA7D7}.Debug|Any CPU.Build.0 = Debug|Any CPU
		{61732127-CFB9-4792-BA5C-47D81E7AA7D7}.Release|Any CPU.ActiveCfg = Release|Any CPU
		{61732127-CFB9-4792-BA5C-47D81E7AA7D7}.Release|Any CPU.Build.0 = Release|Any CPU
		{694BCC6A-D4D4-4F58-838C-6D913149624A}.Debug|Any CPU.ActiveCfg = Debug|Any CPU
		{694BCC6A-D4D4-4F58-838C-6D913149624A}.Debug|Any CPU.Build.0 = Debug|Any CPU
		{694BCC6A-D4D4-4F58-838C-6D913149624A}.Release|Any CPU.ActiveCfg = Release|Any CPU
		{694BCC6A-D4D4-4F58-838C-6D913149624A}.Release|Any CPU.Build.0 = Release|Any CPU
		{968B9F12-A414-40CA-9E85-14FBD0CAA469}.Debug|Any CPU.ActiveCfg = Debug|Any CPU
		{968B9F12-A414-40CA-9E85-14FBD0CAA469}.Debug|Any CPU.Build.0 = Debug|Any CPU
		{968B9F12-A414-40CA-9E85-14FBD0CAA469}.Release|Any CPU.ActiveCfg = Release|Any CPU
		{968B9F12-A414-40CA-9E85-14FBD0CAA469}.Release|Any CPU.Build.0 = Release|Any CPU
		{70D1DDDC-B2C2-4F58-A27D-A3DD22DB3D3A}.Debug|Any CPU.ActiveCfg = Debug|Any CPU
		{70D1DDDC-B2C2-4F58-A27D-A3DD22DB3D3A}.Debug|Any CPU.Build.0 = Debug|Any CPU
		{70D1DDDC-B2C2-4F58-A27D-A3DD22DB3D3A}.Release|Any CPU.ActiveCfg = Release|Any CPU
		{70D1DDDC-B2C2-4F58-A27D-A3DD22DB3D3A}.Release|Any CPU.Build.0 = Release|Any CPU
		{BBBAD193-BFE6-4F37-8654-EF2A1C2BAD8D}.Debug|Any CPU.ActiveCfg = Debug|Any CPU
		{BBBAD193-BFE6-4F37-8654-EF2A1C2BAD8D}.Debug|Any CPU.Build.0 = Debug|Any CPU
		{BBBAD193-BFE6-4F37-8654-EF2A1C2BAD8D}.Release|Any CPU.ActiveCfg = Release|Any CPU
		{BBBAD193-BFE6-4F37-8654-EF2A1C2BAD8D}.Release|Any CPU.Build.0 = Release|Any CPU
		{8E86051C-F3C9-4513-8FC4-AC9967AEBA41}.Debug|Any CPU.ActiveCfg = Debug|Any CPU
		{8E86051C-F3C9-4513-8FC4-AC9967AEBA41}.Debug|Any CPU.Build.0 = Debug|Any CPU
		{8E86051C-F3C9-4513-8FC4-AC9967AEBA41}.Release|Any CPU.ActiveCfg = Release|Any CPU
		{8E86051C-F3C9-4513-8FC4-AC9967AEBA41}.Release|Any CPU.Build.0 = Release|Any CPU
		{1BCEA4B6-6155-47DF-A981-5D222126E907}.Debug|Any CPU.ActiveCfg = Debug|Any CPU
		{1BCEA4B6-6155-47DF-A981-5D222126E907}.Debug|Any CPU.Build.0 = Debug|Any CPU
		{1BCEA4B6-6155-47DF-A981-5D222126E907}.Release|Any CPU.ActiveCfg = Release|Any CPU
		{1BCEA4B6-6155-47DF-A981-5D222126E907}.Release|Any CPU.Build.0 = Release|Any CPU
		{AEF4CA03-C76B-4986-8849-9985B7824F9F}.Debug|Any CPU.ActiveCfg = Debug|Any CPU
		{AEF4CA03-C76B-4986-8849-9985B7824F9F}.Debug|Any CPU.Build.0 = Debug|Any CPU
		{AEF4CA03-C76B-4986-8849-9985B7824F9F}.Release|Any CPU.ActiveCfg = Release|Any CPU
		{AEF4CA03-C76B-4986-8849-9985B7824F9F}.Release|Any CPU.Build.0 = Release|Any CPU
		{1424B73D-1D2D-4B49-9787-6ED5A5DB9B85}.Debug|Any CPU.ActiveCfg = Debug|Any CPU
		{1424B73D-1D2D-4B49-9787-6ED5A5DB9B85}.Debug|Any CPU.Build.0 = Debug|Any CPU
		{1424B73D-1D2D-4B49-9787-6ED5A5DB9B85}.Release|Any CPU.ActiveCfg = Release|Any CPU
		{1424B73D-1D2D-4B49-9787-6ED5A5DB9B85}.Release|Any CPU.Build.0 = Release|Any CPU
		{6CAF34FB-4BA1-437F-91EA-AA60E61A6E60}.Debug|Any CPU.ActiveCfg = Debug|Any CPU
		{6CAF34FB-4BA1-437F-91EA-AA60E61A6E60}.Debug|Any CPU.Build.0 = Debug|Any CPU
		{6CAF34FB-4BA1-437F-91EA-AA60E61A6E60}.Release|Any CPU.ActiveCfg = Release|Any CPU
		{6CAF34FB-4BA1-437F-91EA-AA60E61A6E60}.Release|Any CPU.Build.0 = Release|Any CPU
		{BB03C0D9-72F0-4D48-8386-B8E9899D1E2D}.Debug|Any CPU.ActiveCfg = Debug|Any CPU
		{BB03C0D9-72F0-4D48-8386-B8E9899D1E2D}.Debug|Any CPU.Build.0 = Debug|Any CPU
		{BB03C0D9-72F0-4D48-8386-B8E9899D1E2D}.Release|Any CPU.ActiveCfg = Release|Any CPU
		{BB03C0D9-72F0-4D48-8386-B8E9899D1E2D}.Release|Any CPU.Build.0 = Release|Any CPU
		{074BA038-E00B-4982-BBDC-FBFC9306BCE3}.Debug|Any CPU.ActiveCfg = Debug|Any CPU
		{074BA038-E00B-4982-BBDC-FBFC9306BCE3}.Debug|Any CPU.Build.0 = Debug|Any CPU
		{074BA038-E00B-4982-BBDC-FBFC9306BCE3}.Release|Any CPU.ActiveCfg = Release|Any CPU
		{074BA038-E00B-4982-BBDC-FBFC9306BCE3}.Release|Any CPU.Build.0 = Release|Any CPU
		{BC76E689-593E-4AD6-B87B-F091CD63F6DE}.Debug|Any CPU.ActiveCfg = Debug|Any CPU
		{BC76E689-593E-4AD6-B87B-F091CD63F6DE}.Debug|Any CPU.Build.0 = Debug|Any CPU
		{BC76E689-593E-4AD6-B87B-F091CD63F6DE}.Release|Any CPU.ActiveCfg = Release|Any CPU
		{BC76E689-593E-4AD6-B87B-F091CD63F6DE}.Release|Any CPU.Build.0 = Release|Any CPU
		{5C09C9F5-A1EC-4F77-A815-2071569AB6F4}.Debug|Any CPU.ActiveCfg = Debug|Any CPU
		{5C09C9F5-A1EC-4F77-A815-2071569AB6F4}.Debug|Any CPU.Build.0 = Debug|Any CPU
		{5C09C9F5-A1EC-4F77-A815-2071569AB6F4}.Release|Any CPU.ActiveCfg = Release|Any CPU
		{5C09C9F5-A1EC-4F77-A815-2071569AB6F4}.Release|Any CPU.Build.0 = Release|Any CPU
		{2047743E-B72F-4848-94D3-6A2185B7856E}.Debug|Any CPU.ActiveCfg = Debug|Any CPU
		{2047743E-B72F-4848-94D3-6A2185B7856E}.Debug|Any CPU.Build.0 = Debug|Any CPU
		{2047743E-B72F-4848-94D3-6A2185B7856E}.Release|Any CPU.ActiveCfg = Release|Any CPU
		{2047743E-B72F-4848-94D3-6A2185B7856E}.Release|Any CPU.Build.0 = Release|Any CPU
		{174856B1-4742-4EE0-9699-5952AC500705}.Debug|Any CPU.ActiveCfg = Debug|Any CPU
		{174856B1-4742-4EE0-9699-5952AC500705}.Debug|Any CPU.Build.0 = Debug|Any CPU
		{174856B1-4742-4EE0-9699-5952AC500705}.Release|Any CPU.ActiveCfg = Release|Any CPU
		{174856B1-4742-4EE0-9699-5952AC500705}.Release|Any CPU.Build.0 = Release|Any CPU
	EndGlobalSection
	GlobalSection(NestedProjects) = preSolution
		{0521704D-876E-4FF3-AD7B-46A8B05B730C} = {090E9904-7276-46E2-81F9-B1835A8491EE}
		{C6353F8D-BB12-4E0A-940D-5866F42577EB} = {090E9904-7276-46E2-81F9-B1835A8491EE}
		{4C4418FA-F274-4F85-AC42-69F43BCF8058} = {090E9904-7276-46E2-81F9-B1835A8491EE}
		{61732127-CFB9-4792-BA5C-47D81E7AA7D7} = {090E9904-7276-46E2-81F9-B1835A8491EE}
		{694BCC6A-D4D4-4F58-838C-6D913149624A} = {F5A44F9B-7D64-4932-AD4F-A21E4396F39B}
		{968B9F12-A414-40CA-9E85-14FBD0CAA469} = {5AED813E-F969-4AEA-906C-0AC31389BCE2}
		{70D1DDDC-B2C2-4F58-A27D-A3DD22DB3D3A} = {5AED813E-F969-4AEA-906C-0AC31389BCE2}
		{BBBAD193-BFE6-4F37-8654-EF2A1C2BAD8D} = {F5A44F9B-7D64-4932-AD4F-A21E4396F39B}
		{8E86051C-F3C9-4513-8FC4-AC9967AEBA41} = {F5A44F9B-7D64-4932-AD4F-A21E4396F39B}
		{1BCEA4B6-6155-47DF-A981-5D222126E907} = {515C852C-25D5-46B6-90A5-78BE166E394F}
		{AEF4CA03-C76B-4986-8849-9985B7824F9F} = {5AED813E-F969-4AEA-906C-0AC31389BCE2}
		{1424B73D-1D2D-4B49-9787-6ED5A5DB9B85} = {E142A276-DBF1-4BB4-83D5-E3C9E13D81A5}
		{6CAF34FB-4BA1-437F-91EA-AA60E61A6E60} = {E142A276-DBF1-4BB4-83D5-E3C9E13D81A5}
		{BB03C0D9-72F0-4D48-8386-B8E9899D1E2D} = {5AED813E-F969-4AEA-906C-0AC31389BCE2}
		{074BA038-E00B-4982-BBDC-FBFC9306BCE3} = {5AED813E-F969-4AEA-906C-0AC31389BCE2}
		{BC76E689-593E-4AD6-B87B-F091CD63F6DE} = {11923C25-432B-4B15-8A30-0037D4A79B31}
		{5C09C9F5-A1EC-4F77-A815-2071569AB6F4} = {11923C25-432B-4B15-8A30-0037D4A79B31}
	EndGlobalSection
EndGlobal
