
Microsoft Visual Studio Solution File, Format Version 12.00
# Visual Studio Version 17
VisualStudioVersion = 17.9.34728.123
MinimumVisualStudioVersion = 10.0.40219.1
Project("{FAE04EC0-301F-11D3-BF4B-00C04F79EFBC}") = "Account2", "Account2\Account2.csproj", "{3FC51C2E-A4CD-4C70-94F6-B244AD3A94C6}"
EndProject
Global
	GlobalSection(SolutionConfigurationPlatforms) = preSolution
		Debug|Any CPU = Debug|Any CPU
		Release|Any CPU = Release|Any CPU
	EndGlobalSection
	GlobalSection(ProjectConfigurationPlatforms) = postSolution
		{3FC51C2E-A4CD-4C70-94F6-B244AD3A94C6}.Debug|Any CPU.ActiveCfg = Debug|Any CPU
		{3FC51C2E-A4CD-4C70-94F6-B244AD3A94C6}.Debug|Any CPU.Build.0 = Debug|Any CPU
		{3FC51C2E-A4CD-4C70-94F6-B244AD3A94C6}.Release|Any CPU.ActiveCfg = Release|Any CPU
		{3FC51C2E-A4CD-4C70-94F6-B244AD3A94C6}.Release|Any CPU.Build.0 = Release|Any CPU
	EndGlobalSection
	GlobalSection(SolutionProperties) = preSolution
		HideSolutionNode = FALSE
	EndGlobalSection
	GlobalSection(ExtensibilityGlobals) = postSolution
		SolutionGuid = {C06F9A17-85B0-4170-8ED5-ED57D60E9933}
	EndGlobalSection
EndGlobal
