
Microsoft Visual Studio Solution File, Format Version 12.00
# Visual Studio Version 17
VisualStudioVersion = 17.9.34728.123
MinimumVisualStudioVersion = 10.0.40219.1
Project("{FAE04EC0-301F-11D3-BF4B-00C04F79EFBC}") = "StudentArray", "StudentArray\StudentArray.csproj", "{00EEDE07-D011-4838-8343-DD7EF058D3F0}"
EndProject
Global
	GlobalSection(SolutionConfigurationPlatforms) = preSolution
		Debug|Any CPU = Debug|Any CPU
		Release|Any CPU = Release|Any CPU
	EndGlobalSection
	GlobalSection(ProjectConfigurationPlatforms) = postSolution
		{00EEDE07-D011-4838-8343-DD7EF058D3F0}.Debug|Any CPU.ActiveCfg = Debug|Any CPU
		{00EEDE07-D011-4838-8343-DD7EF058D3F0}.Debug|Any CPU.Build.0 = Debug|Any CPU
		{00EEDE07-D011-4838-8343-DD7EF058D3F0}.Release|Any CPU.ActiveCfg = Release|Any CPU
		{00EEDE07-D011-4838-8343-DD7EF058D3F0}.Release|Any CPU.Build.0 = Release|Any CPU
	EndGlobalSection
	GlobalSection(SolutionProperties) = preSolution
		HideSolutionNode = FALSE
	EndGlobalSection
	GlobalSection(ExtensibilityGlobals) = postSolution
		SolutionGuid = {99CCE8BB-C3A9-40A2-97FF-28366E962869}
	EndGlobalSection
EndGlobal
