
Microsoft Visual Studio Solution File, Format Version 12.00
# Visual Studio Version 17
VisualStudioVersion = 17.9.34728.123
MinimumVisualStudioVersion = 10.0.40219.1
Project("{FAE04EC0-301F-11D3-BF4B-00C04F79EFBC}") = "Student", "Student\Student.csproj", "{C3A3FB34-4743-4156-B4C4-212FE162360B}"
EndProject
Global
	GlobalSection(SolutionConfigurationPlatforms) = preSolution
		Debug|Any CPU = Debug|Any CPU
		Release|Any CPU = Release|Any CPU
	EndGlobalSection
	GlobalSection(ProjectConfigurationPlatforms) = postSolution
		{C3A3FB34-4743-4156-B4C4-212FE162360B}.Debug|Any CPU.ActiveCfg = Debug|Any CPU
		{C3A3FB34-4743-4156-B4C4-212FE162360B}.Debug|Any CPU.Build.0 = Debug|Any CPU
		{C3A3FB34-4743-4156-B4C4-212FE162360B}.Release|Any CPU.ActiveCfg = Release|Any CPU
		{C3A3FB34-4743-4156-B4C4-212FE162360B}.Release|Any CPU.Build.0 = Release|Any CPU
	EndGlobalSection
	GlobalSection(SolutionProperties) = preSolution
		HideSolutionNode = FALSE
	EndGlobalSection
	GlobalSection(ExtensibilityGlobals) = postSolution
		SolutionGuid = {01353D94-FA42-44E0-BEC6-AC4F2619F269}
	EndGlobalSection
EndGlobal
